
Microsoft Visual Studio Solution File, Format Version 12.00
# Visual Studio Version 16
VisualStudioVersion = 16.0.30128.74
MinimumVisualStudioVersion = 10.0.40219.1
Project("{FAE04EC0-301F-11D3-BF4B-00C04F79EFBC}") = "CurrencyConvertor.Engine", "CurrencyConvertor.Engine\CurrencyConvertor.Engine.csproj", "{6F57E269-215D-4B02-83B2-C5A4EB342248}"
EndProject
Project("{FAE04EC0-301F-11D3-BF4B-00C04F79EFBC}") = "CurrencyConvertor.UI", "CurrencyConvertor.UI\CurrencyConvertor.UI.csproj", "{58E4AA20-7B4B-4B68-9663-1D042DF95BC9}"
EndProject
Global
	GlobalSection(SolutionConfigurationPlatforms) = preSolution
		Debug|Any CPU = Debug|Any CPU
		Release|Any CPU = Release|Any CPU
	EndGlobalSection
	GlobalSection(ProjectConfigurationPlatforms) = postSolution
		{6F57E269-215D-4B02-83B2-C5A4EB342248}.Debug|Any CPU.ActiveCfg = Debug|Any CPU
		{6F57E269-215D-4B02-83B2-C5A4EB342248}.Debug|Any CPU.Build.0 = Debug|Any CPU
		{6F57E269-215D-4B02-83B2-C5A4EB342248}.Release|Any CPU.ActiveCfg = Release|Any CPU
		{6F57E269-215D-4B02-83B2-C5A4EB342248}.Release|Any CPU.Build.0 = Release|Any CPU
		{58E4AA20-7B4B-4B68-9663-1D042DF95BC9}.Debug|Any CPU.ActiveCfg = Debug|Any CPU
		{58E4AA20-7B4B-4B68-9663-1D042DF95BC9}.Debug|Any CPU.Build.0 = Debug|Any CPU
		{58E4AA20-7B4B-4B68-9663-1D042DF95BC9}.Release|Any CPU.ActiveCfg = Release|Any CPU
		{58E4AA20-7B4B-4B68-9663-1D042DF95BC9}.Release|Any CPU.Build.0 = Release|Any CPU
	EndGlobalSection
	GlobalSection(SolutionProperties) = preSolution
		HideSolutionNode = FALSE
	EndGlobalSection
	GlobalSection(ExtensibilityGlobals) = postSolution
		SolutionGuid = {0E00B72E-D986-4368-A0A0-AE0B65D97510}
	EndGlobalSection
EndGlobal
